
Microsoft Visual Studio Solution File, Format Version 12.00
Project("{FAE04EC0-301F-11D3-BF4B-00C04F79EFBC}") = "FluentCalculatorAndSomeBool", "FluentCalculatorAndSomeBool\FluentCalculatorAndSomeBool.csproj", "{0D16D896-7CAD-4A77-B69B-96555C242E7C}"
EndProject
Global
	GlobalSection(SolutionConfigurationPlatforms) = preSolution
		Debug|Any CPU = Debug|Any CPU
		Release|Any CPU = Release|Any CPU
	EndGlobalSection
	GlobalSection(ProjectConfigurationPlatforms) = postSolution
		{0D16D896-7CAD-4A77-B69B-96555C242E7C}.Debug|Any CPU.ActiveCfg = Debug|Any CPU
		{0D16D896-7CAD-4A77-B69B-96555C242E7C}.Debug|Any CPU.Build.0 = Debug|Any CPU
		{0D16D896-7CAD-4A77-B69B-96555C242E7C}.Release|Any CPU.ActiveCfg = Release|Any CPU
		{0D16D896-7CAD-4A77-B69B-96555C242E7C}.Release|Any CPU.Build.0 = Release|Any CPU
	EndGlobalSection
EndGlobal
